{
    "requires": true,
    "lockfileVersion": 1,
    "dependencies": {
        "@tailwindcss/custom-forms": {
            "version": "0.2.1",
            "resolved": "https://registry.npmjs.org/@tailwindcss/custom-forms/-/custom-forms-0.2.1.tgz",
            "integrity": "sha512-XdP5XY6kxo3x5o50mWUyoYWxOPV16baagLoZ5uM41gh6IhXzhz/vJYzqrTb/lN58maGIKlpkxgVsQUNSsbAS3Q==",
            "requires": {
                "lodash": "^4.17.11",
                "mini-svg-data-uri": "^1.0.3",
                "traverse": "^0.6.6"
            }
        },
        "@tailwindcss/ui": {
            "version": "0.3.0",
            "resolved": "https://registry.npmjs.org/@tailwindcss/ui/-/ui-0.3.0.tgz",
            "integrity": "sha512-LucyddG60/XAGN7aau+Jn84dsl2BFMZya7o/rGVKSXBVXUv+9SoaGmkbPdl0G3kkpcfQrGndDPSkdUgVTS0y8g==",
            "requires": {
                "@tailwindcss/custom-forms": "^0.2.1",
                "hex-rgb": "^4.1.0",
                "postcss-selector-parser": "^6.0.2"
            }
        },
        "cssesc": {
            "version": "3.0.0",
            "resolved": "https://registry.npmjs.org/cssesc/-/cssesc-3.0.0.tgz",
            "integrity": "sha512-/Tb/JcjK111nNScGob5MNtsntNM1aCNUDipB/TkwZFhyDrrE47SOx/18wF2bbjgc3ZzCSKW1T5nt5EbFoAz/Vg=="
        },
        "hex-rgb": {
            "version": "4.1.0",
            "resolved": "https://registry.npmjs.org/hex-rgb/-/hex-rgb-4.1.0.tgz",
            "integrity": "sha512-n7xsIfyBkFChITGPh6FLtxNzAt2HxZLcQIY9hYH4gm2gmMQJHMguMH3E+jnmvUbSTF5QrmFnGab5Ippi+D7e/g=="
        },
        "indexes-of": {
            "version": "1.0.1",
            "resolved": "https://registry.npmjs.org/indexes-of/-/indexes-of-1.0.1.tgz",
            "integrity": "sha1-8w9xbI4r00bHtn0985FVZqfAVgc="
        },
        "lodash": {
            "version": "4.17.15",
            "resolved": "https://registry.npmjs.org/lodash/-/lodash-4.17.15.tgz",
            "integrity": "sha512-8xOcRHvCjnocdS5cpwXQXVzmmh5e5+saE2QGoeQmbKmRS6J3VQppPOIt0MnmE+4xlZoumy0GPG0D0MVIQbNA1A=="
        },
        "mini-svg-data-uri": {
            "version": "1.2.3",
            "resolved": "https://registry.npmjs.org/mini-svg-data-uri/-/mini-svg-data-uri-1.2.3.tgz",
            "integrity": "sha512-zd6KCAyXgmq6FV1mR10oKXYtvmA9vRoB6xPSTUJTbFApCtkefDnYueVR1gkof3KcdLZo1Y8mjF2DFmQMIxsHNQ=="
        },
        "postcss-selector-parser": {
            "version": "6.0.2",
            "resolved": "https://registry.npmjs.org/postcss-selector-parser/-/postcss-selector-parser-6.0.2.tgz",
            "integrity": "sha512-36P2QR59jDTOAiIkqEprfJDsoNrvwFei3eCqKd1Y0tUsBimsq39BLp7RD+JWny3WgB1zGhJX8XVePwm9k4wdBg==",
            "requires": {
                "cssesc": "^3.0.0",
                "indexes-of": "^1.0.1",
                "uniq": "^1.0.1"
            }
        },
        "traverse": {
            "version": "0.6.6",
            "resolved": "https://registry.npmjs.org/traverse/-/traverse-0.6.6.tgz",
            "integrity": "sha1-y99WD9e5r2MlAv7UD5GMFX6pcTc="
        },
        "uniq": {
            "version": "1.0.1",
            "resolved": "https://registry.npmjs.org/uniq/-/uniq-1.0.1.tgz",
            "integrity": "sha1-sxxa6CVIRKOoKBVBzisEuGWnNP8="
        }
    }
}
